
Microsoft Visual Studio Solution File, Format Version 12.00
# Visual Studio 15
VisualStudioVersion = 15.0.27428.2015
MinimumVisualStudioVersion = 10.0.40219.1
Project("{FAE04EC0-301F-11D3-BF4B-00C04F79EFBC}") = "TypeLite", "TypeLite\TypeLite.csproj", "{43DCB624-F929-4572-97A3-6B14AC6AD158}"
EndProject
Project("{FAE04EC0-301F-11D3-BF4B-00C04F79EFBC}") = "TypeLite.Net4", "TypeLite.Net4\TypeLite.Net4.csproj", "{0AD860B2-2AAA-47CC-ACBA-F2D97BE19D66}"
EndProject
Global
	GlobalSection(SolutionConfigurationPlatforms) = preSolution
		Debug|Any CPU = Debug|Any CPU
		Release|Any CPU = Release|Any CPU
	EndGlobalSection
	GlobalSection(ProjectConfigurationPlatforms) = postSolution
		{43DCB624-F929-4572-97A3-6B14AC6AD158}.Debug|Any CPU.ActiveCfg = Debug|Any CPU
		{43DCB624-F929-4572-97A3-6B14AC6AD158}.Debug|Any CPU.Build.0 = Debug|Any CPU
		{43DCB624-F929-4572-97A3-6B14AC6AD158}.Release|Any CPU.ActiveCfg = Release|Any CPU
		{43DCB624-F929-4572-97A3-6B14AC6AD158}.Release|Any CPU.Build.0 = Release|Any CPU
		{0AD860B2-2AAA-47CC-ACBA-F2D97BE19D66}.Debug|Any CPU.ActiveCfg = Debug|Any CPU
		{0AD860B2-2AAA-47CC-ACBA-F2D97BE19D66}.Debug|Any CPU.Build.0 = Debug|Any CPU
		{0AD860B2-2AAA-47CC-ACBA-F2D97BE19D66}.Release|Any CPU.ActiveCfg = Release|Any CPU
		{0AD860B2-2AAA-47CC-ACBA-F2D97BE19D66}.Release|Any CPU.Build.0 = Release|Any CPU
	EndGlobalSection
	GlobalSection(SolutionProperties) = preSolution
		HideSolutionNode = FALSE
	EndGlobalSection
	GlobalSection(ExtensibilityGlobals) = postSolution
		SolutionGuid = {1E2627B1-670D-4620-86CC-AA62CE6EF7A7}
	EndGlobalSection
EndGlobal
